
Microsoft Visual Studio Solution File, Format Version 12.00
# Visual Studio Version 17
VisualStudioVersion = 17.4.33122.133
MinimumVisualStudioVersion = 10.0.40219.1
Project("{FAE04EC0-301F-11D3-BF4B-00C04F79EFBC}") = "JourneyDrawing.Front", "JourneyDrawing.Front\JourneyDrawing.Front.csproj", "{76574AB8-473A-44B2-B45B-05BAE49ED14A}"
EndProject
Global
	GlobalSection(SolutionConfigurationPlatforms) = preSolution
		Debug|Any CPU = Debug|Any CPU
		Release|Any CPU = Release|Any CPU
	EndGlobalSection
	GlobalSection(ProjectConfigurationPlatforms) = postSolution
		{76574AB8-473A-44B2-B45B-05BAE49ED14A}.Debug|Any CPU.ActiveCfg = Debug|Any CPU
		{76574AB8-473A-44B2-B45B-05BAE49ED14A}.Debug|Any CPU.Build.0 = Debug|Any CPU
		{76574AB8-473A-44B2-B45B-05BAE49ED14A}.Release|Any CPU.ActiveCfg = Release|Any CPU
		{76574AB8-473A-44B2-B45B-05BAE49ED14A}.Release|Any CPU.Build.0 = Release|Any CPU
	EndGlobalSection
	GlobalSection(SolutionProperties) = preSolution
		HideSolutionNode = FALSE
	EndGlobalSection
	GlobalSection(ExtensibilityGlobals) = postSolution
		SolutionGuid = {872A3511-3CDF-4C52-A544-976899BE69A9}
	EndGlobalSection
EndGlobal
